// !$*UTF8*$!
{
	archiveVersion = 1;
	classes = {
	};
	objectVersion = 46;
	objects = {

/* Begin PBXBuildFile section */
		A99318B11911652300A5BD7E /* Foundation.framework in Frameworks */ = {isa = PBXBuildFile; fileRef = A99318B01911652300A5BD7E /* Foundation.framework */; };
		A99318B31911652300A5BD7E /* CoreGraphics.framework in Frameworks */ = {isa = PBXBuildFile; fileRef = A99318B21911652300A5BD7E /* CoreGraphics.framework */; };
		A99318B51911652300A5BD7E /* UIKit.framework in Frameworks */ = {isa = PBXBuildFile; fileRef = A99318B41911652300A5BD7E /* UIKit.framework */; };
		A99318BB1911652300A5BD7E /* InfoPlist.strings in Resources */ = {isa = PBXBuildFile; fileRef = A99318B91911652300A5BD7E /* InfoPlist.strings */; };
		A99318BD1911652300A5BD7E /* main.m in Sources */ = {isa = PBXBuildFile; fileRef = A99318BC1911652300A5BD7E /* main.m */; };
		A99318C11911652300A5BD7E /* SYAppDelegate.m in Sources */ = {isa = PBXBuildFile; fileRef = A99318C01911652300A5BD7E /* SYAppDelegate.m */; };
		A99318C41911652300A5BD7E /* Main.storyboard in Resources */ = {isa = PBXBuildFile; fileRef = A99318C21911652300A5BD7E /* Main.storyboard */; };
		A99318C71911652300A5BD7E /* SYViewController.m in Sources */ = {isa = PBXBuildFile; fileRef = A99318C61911652300A5BD7E /* SYViewController.m */; };
		A99318C91911652300A5BD7E /* Images.xcassets in Resources */ = {isa = PBXBuildFile; fileRef = A99318C81911652300A5BD7E /* Images.xcassets */; };
		A99318D01911652400A5BD7E /* XCTest.framework in Frameworks */ = {isa = PBXBuildFile; fileRef = A99318CF1911652300A5BD7E /* XCTest.framework */; };
		A99318D11911652400A5BD7E /* Foundation.framework in Frameworks */ = {isa = PBXBuildFile; fileRef = A99318B01911652300A5BD7E /* Foundation.framework */; };
		A99318D21911652400A5BD7E /* UIKit.framework in Frameworks */ = {isa = PBXBuildFile; fileRef = A99318B41911652300A5BD7E /* UIKit.framework */; };
		A99318DA1911652400A5BD7E /* InfoPlist.strings in Resources */ = {isa = PBXBuildFile; fileRef = A99318D81911652400A5BD7E /* InfoPlist.strings */; };
		A99318DC1911652400A5BD7E /* Git_TestTests.m in Sources */ = {isa = PBXBuildFile; fileRef = A99318DB1911652400A5BD7E /* Git_TestTests.m */; };
/* End PBXBuildFile section */

/* Begin PBXContainerItemProxy section */
		A99318D31911652400A5BD7E /* PBXContainerItemProxy */ = {
			isa = PBXContainerItemProxy;
			containerPortal = A99318A51911652300A5BD7E /* Project object */;
			proxyType = 1;
			remoteGlobalIDString = A99318AC1911652300A5BD7E;
			remoteInfo = "Git Test";
		};
/* End PBXContainerItemProxy section */

/* Begin PBXFileReference section */
		A99318AD1911652300A5BD7E /* Git Test.app */ = {isa = PBXFileReference; explicitFileType = wrapper.application; includeInIndex = 0; path = "Git Test.app"; sourceTree = BUILT_PRODUCTS_DIR; };
		A99318B01911652300A5BD7E /* Foundation.framework */ = {isa = PBXFileReference; lastKnownFileType = wrapper.framework; name = Foundation.framework; path = System/Library/Frameworks/Foundation.framework; sourceTree = SDKROOT; };
		A99318B21911652300A5BD7E /* CoreGraphics.framework */ = {isa = PBXFileReference; lastKnownFileType = wrapper.framework; name = CoreGraphics.framework; path = System/Library/Frameworks/CoreGraphics.framework; sourceTree = SDKROOT; };
		A99318B41911652300A5BD7E /* UIKit.framework */ = {isa = PBXFileReference; lastKnownFileType = wrapper.framework; name = UIKit.framework; path = System/Library/Frameworks/UIKit.framework; sourceTree = SDKROOT; };
		A99318B81911652300A5BD7E /* Git Test-Info.plist */ = {isa = PBXFileReference; lastKnownFileType = text.plist.xml; path = "Git Test-Info.plist"; sourceTree = "<group>"; };
		A99318BA1911652300A5BD7E /* en */ = {isa = PBXFileReference; lastKnownFileType = text.plist.strings; name = en; path = en.lproj/InfoPlist.strings; sourceTree = "<group>"; };
		A99318BC1911652300A5BD7E /* main.m */ = {isa = PBXFileReference; lastKnownFileType = sourcecode.c.objc; path = main.m; sourceTree = "<group>"; };
		A99318BE1911652300A5BD7E /* Git Test-Prefix.pch */ = {isa = PBXFileReference; lastKnownFileType = sourcecode.c.h; path = "Git Test-Prefix.pch"; sourceTree = "<group>"; };
		A99318BF1911652300A5BD7E /* SYAppDelegate.h */ = {isa = PBXFileReference; lastKnownFileType = sourcecode.c.h; path = SYAppDelegate.h; sourceTree = "<group>"; };
		A99318C01911652300A5BD7E /* SYAppDelegate.m */ = {isa = PBXFileReference; lastKnownFileType = sourcecode.c.objc; path = SYAppDelegate.m; sourceTree = "<group>"; };
		A99318C31911652300A5BD7E /* Base */ = {isa = PBXFileReference; lastKnownFileType = file.storyboard; name = Base; path = Base.lproj/Main.storyboard; sourceTree = "<group>"; };
		A99318C51911652300A5BD7E /* SYViewController.h */ = {isa = PBXFileReference; lastKnownFileType = sourcecode.c.h; path = SYViewController.h; sourceTree = "<group>"; };
		A99318C61911652300A5BD7E /* SYViewController.m */ = {isa = PBXFileReference; lastKnownFileType = sourcecode.c.objc; path = SYViewController.m; sourceTree = "<group>"; };
		A99318C81911652300A5BD7E /* Images.xcassets */ = {isa = PBXFileReference; lastKnownFileType = folder.assetcatalog; path = Images.xcassets; sourceTree = "<group>"; };
		A99318CE1911652300A5BD7E /* Git TestTests.xctest */ = {isa = PBXFileReference; explicitFileType = wrapper.cfbundle; includeInIndex = 0; path = "Git TestTests.xctest"; sourceTree = BUILT_PRODUCTS_DIR; };
		A99318CF1911652300A5BD7E /* XCTest.framework */ = {isa = PBXFileReference; lastKnownFileType = wrapper.framework; name = XCTest.framework; path = Library/Frameworks/XCTest.framework; sourceTree = DEVELOPER_DIR; };
		A99318D71911652400A5BD7E /* Git TestTests-Info.plist */ = {isa = PBXFileReference; lastKnownFileType = text.plist.xml; path = "Git TestTests-Info.plist"; sourceTree = "<group>"; };
		A99318D91911652400A5BD7E /* en */ = {isa = PBXFileReference; lastKnownFileType = text.plist.strings; name = en; path = en.lproj/InfoPlist.strings; sourceTree = "<group>"; };
		A99318DB1911652400A5BD7E /* Git_TestTests.m */ = {isa = PBXFileReference; lastKnownFileType = sourcecode.c.objc; path = Git_TestTests.m; sourceTree = "<group>"; };
/* End PBXFileReference section */

/* Begin PBXFrameworksBuildPhase section */
		A99318AA1911652300A5BD7E /* Frameworks */ = {
			isa = PBXFrameworksBuildPhase;
			buildActionMask = 2147483647;
			files = (
				A99318B31911652300A5BD7E /* CoreGraphics.framework in Frameworks */,
				A99318B51911652300A5BD7E /* UIKit.framework in Frameworks */,
				A99318B11911652300A5BD7E /* Foundation.framework in Frameworks */,
			);
			runOnlyForDeploymentPostprocessing = 0;
		};
		A99318CB1911652300A5BD7E /* Frameworks */ = {
			isa = PBXFrameworksBuildPhase;
			buildActionMask = 2147483647;
			files = (
				A99318D01911652400A5BD7E /* XCTest.framework in Frameworks */,
				A99318D21911652400A5BD7E /* UIKit.framework in Frameworks */,
				A99318D11911652400A5BD7E /* Foundation.framework in Frameworks */,
			);
			runOnlyForDeploymentPostprocessing = 0;
		};
/* End PBXFrameworksBuildPhase section */

/* Begin PBXGroup section */
		A99318A41911652300A5BD7E = {
			isa = PBXGroup;
			children = (
				A99318B61911652300A5BD7E /* Git Test */,
				A99318D51911652400A5BD7E /* Git TestTests */,
				A99318AF1911652300A5BD7E /* Frameworks */,
				A99318AE1911652300A5BD7E /* Products */,
			);
			sourceTree = "<group>";
		};
		A99318AE1911652300A5BD7E /* Products */ = {
			isa = PBXGroup;
			children = (
				A99318AD1911652300A5BD7E /* Git Test.app */,
				A99318CE1911652300A5BD7E /* Git TestTests.xctest */,
			);
			name = Products;
			sourceTree = "<group>";
		};
		A99318AF1911652300A5BD7E /* Frameworks */ = {
			isa = PBXGroup;
			children = (
				A99318B01911652300A5BD7E /* Foundation.framework */,
				A99318B21911652300A5BD7E /* CoreGraphics.framework */,
				A99318B41911652300A5BD7E /* UIKit.framework */,
				A99318CF1911652300A5BD7E /* XCTest.framework */,
			);
			name = Frameworks;
			sourceTree = "<group>";
		};
		A99318B61911652300A5BD7E /* Git Test */ = {
			isa = PBXGroup;
			children = (
				A99318BF1911652300A5BD7E /* SYAppDelegate.h */,
				A99318C01911652300A5BD7E /* SYAppDelegate.m */,
				A99318C21911652300A5BD7E /* Main.storyboard */,
				A99318C51911652300A5BD7E /* SYViewController.h */,
				A99318C61911652300A5BD7E /* SYViewController.m */,
				A99318C81911652300A5BD7E /* Images.xcassets */,
				A99318B71911652300A5BD7E /* Supporting Files */,
			);
			path = "Git Test";
			sourceTree = "<group>";
		};
		A99318B71911652300A5BD7E /* Supporting Files */ = {
			isa = PBXGroup;
			children = (
				A99318B81911652300A5BD7E /* Git Test-Info.plist */,
				A99318B91911652300A5BD7E /* InfoPlist.strings */,
				A99318BC1911652300A5BD7E /* main.m */,
				A99318BE1911652300A5BD7E /* Git Test-Prefix.pch */,
			);
			name = "Supporting Files";
			sourceTree = "<group>";
		};
		A99318D51911652400A5BD7E /* Git TestTests */ = {
			isa = PBXGroup;
			children = (
				A99318DB1911652400A5BD7E /* Git_TestTests.m */,
				A99318D61911652400A5BD7E /* Supporting Files */,
			);
			path = "Git TestTests";
			sourceTree = "<group>";
		};
		A99318D61911652400A5BD7E /* Supporting Files */ = {
			isa = PBXGroup;
			children = (
				A99318D71911652400A5BD7E /* Git TestTests-Info.plist */,
				A99318D81911652400A5BD7E /* InfoPlist.strings */,
			);
			name = "Supporting Files";
			sourceTree = "<group>";
		};
/* End PBXGroup section */

/* Begin PBXNativeTarget section */
		A99318AC1911652300A5BD7E /* Git Test */ = {
			isa = PBXNativeTarget;
			buildConfigurationList = A99318DF1911652400A5BD7E /* Build configuration list for PBXNativeTarget "Git Test" */;
			buildPhases = (
				A99318A91911652300A5BD7E /* Sources */,
				A99318AA1911652300A5BD7E /* Frameworks */,
				A99318AB1911652300A5BD7E /* Resources */,
			);
			buildRules = (
			);
			dependencies = (
			);
			name = "Git Test";
			productName = "Git Test";
			productReference = A99318AD1911652300A5BD7E /* Git Test.app */;
			productType = "com.apple.product-type.application";
		};
		A99318CD1911652300A5BD7E /* Git TestTests */ = {
			isa = PBXNativeTarget;
			buildConfigurationList = A99318E21911652400A5BD7E /* Build configuration list for PBXNativeTarget "Git TestTests" */;
			buildPhases = (
				A99318CA1911652300A5BD7E /* Sources */,
				A99318CB1911652300A5BD7E /* Frameworks */,
				A99318CC1911652300A5BD7E /* Resources */,
			);
			buildRules = (
			);
			dependencies = (
				A99318D41911652400A5BD7E /* PBXTargetDependency */,
			);
			name = "Git TestTests";
			productName = "Git TestTests";
			productReference = A99318CE1911652300A5BD7E /* Git TestTests.xctest */;
			productType = "com.apple.product-type.bundle.unit-test";
		};
/* End PBXNativeTarget section */

/* Begin PBXProject section */
		A99318A51911652300A5BD7E /* Project object */ = {
			isa = PBXProject;
			attributes = {
				CLASSPREFIX = SY;
				LastUpgradeCheck = 0510;
				ORGANIZATIONNAME = SunnyYear;
				TargetAttributes = {
					A99318CD1911652300A5BD7E = {
						TestTargetID = A99318AC1911652300A5BD7E;
					};
				};
			};
			buildConfigurationList = A99318A81911652300A5BD7E /* Build configuration list for PBXProject "Git Test" */;
			compatibilityVersion = "Xcode 3.2";
			developmentRegion = English;
			hasScannedForEncodings = 0;
			knownRegions = (
				en,
				Base,
			);
			mainGroup = A99318A41911652300A5BD7E;
			productRefGroup = A99318AE1911652300A5BD7E /* Products */;
			projectDirPath = "";
			projectRoot = "";
			targets = (
				A99318AC1911652300A5BD7E /* Git Test */,
				A99318CD1911652300A5BD7E /* Git TestTests */,
			);
		};
/* End PBXProject section */

/* Begin PBXResourcesBuildPhase section */
		A99318AB1911652300A5BD7E /* Resources */ = {
			isa = PBXResourcesBuildPhase;
			buildActionMask = 2147483647;
			files = (
				A99318C91911652300A5BD7E /* Images.xcassets in Resources */,
				A99318BB1911652300A5BD7E /* InfoPlist.strings in Resources */,
				A99318C41911652300A5BD7E /* Main.storyboard in Resources */,
			);
			runOnlyForDeploymentPostprocessing = 0;
		};
		A99318CC1911652300A5BD7E /* Resources */ = {
			isa = PBXResourcesBuildPhase;
			buildActionMask = 2147483647;
			files = (
				A99318DA1911652400A5BD7E /* InfoPlist.strings in Resources */,
			);
			runOnlyForDeploymentPostprocessing = 0;
		};
/* End PBXResourcesBuildPhase section */

/* Begin PBXSourcesBuildPhase section */
		A99318A91911652300A5BD7E /* Sources */ = {
			isa = PBXSourcesBuildPhase;
			buildActionMask = 2147483647;
			files = (
				A99318C71911652300A5BD7E /* SYViewController.m in Sources */,
				A99318C11911652300A5BD7E /* SYAppDelegate.m in Sources */,
				A99318BD1911652300A5BD7E /* main.m in Sources */,
			);
			runOnlyForDeploymentPostprocessing = 0;
		};
		A99318CA1911652300A5BD7E /* Sources */ = {
			isa = PBXSourcesBuildPhase;
			buildActionMask = 2147483647;
			files = (
				A99318DC1911652400A5BD7E /* Git_TestTests.m in Sources */,
			);
			runOnlyForDeploymentPostprocessing = 0;
		};
/* End PBXSourcesBuildPhase section */

/* Begin PBXTargetDependency section */
		A99318D41911652400A5BD7E /* PBXTargetDependency */ = {
			isa = PBXTargetDependency;
			target = A99318AC1911652300A5BD7E /* Git Test */;
			targetProxy = A99318D31911652400A5BD7E /* PBXContainerItemProxy */;
		};
/* End PBXTargetDependency section */

/* Begin PBXVariantGroup section */
		A99318B91911652300A5BD7E /* InfoPlist.strings */ = {
			isa = PBXVariantGroup;
			children = (
				A99318BA1911652300A5BD7E /* en */,
			);
			name = InfoPlist.strings;
			sourceTree = "<group>";
		};
		A99318C21911652300A5BD7E /* Main.storyboard */ = {
			isa = PBXVariantGroup;
			children = (
				A99318C31911652300A5BD7E /* Base */,
			);
			name = Main.storyboard;
			sourceTree = "<group>";
		};
		A99318D81911652400A5BD7E /* InfoPlist.strings */ = {
			isa = PBXVariantGroup;
			children = (
				A99318D91911652400A5BD7E /* en */,
			);
			name = InfoPlist.strings;
			sourceTree = "<group>";
		};
/* End PBXVariantGroup section */

/* Begin XCBuildConfiguration section */
		A99318DD1911652400A5BD7E /* Debug */ = {
			isa = XCBuildConfiguration;
			buildSettings = {
				ALWAYS_SEARCH_USER_PATHS = NO;
				CLANG_CXX_LANGUAGE_STANDARD = "gnu++0x";
				CLANG_CXX_LIBRARY = "libc++";
				CLANG_ENABLE_MODULES = YES;
				CLANG_ENABLE_OBJC_ARC = YES;
				CLANG_WARN_BOOL_CONVERSION = YES;
				CLANG_WARN_CONSTANT_CONVERSION = YES;
				CLANG_WARN_DIRECT_OBJC_ISA_USAGE = YES_ERROR;
				CLANG_WARN_EMPTY_BODY = YES;
				CLANG_WARN_ENUM_CONVERSION = YES;
				CLANG_WARN_INT_CONVERSION = YES;
				CLANG_WARN_OBJC_ROOT_CLASS = YES_ERROR;
				CLANG_WARN__DUPLICATE_METHOD_MATCH = YES;
				"CODE_SIGN_IDENTITY[sdk=iphoneos*]" = "iPhone Developer";
				COPY_PHASE_STRIP = NO;
				GCC_C_LANGUAGE_STANDARD = gnu99;
				GCC_DYNAMIC_NO_PIC = NO;
				GCC_OPTIMIZATION_LEVEL = 0;
				GCC_PREPROCESSOR_DEFINITIONS = (
					"DEBUG=1",
					"$(inherited)",
				);
				GCC_SYMBOLS_PRIVATE_EXTERN = NO;
				GCC_WARN_64_TO_32_BIT_CONVERSION = YES;
				GCC_WARN_ABOUT_RETURN_TYPE = YES_ERROR;
				GCC_WARN_UNDECLARED_SELECTOR = YES;
				GCC_WARN_UNINITIALIZED_AUTOS = YES_AGGRESSIVE;
				GCC_WARN_UNUSED_FUNCTION = YES;
				GCC_WARN_UNUSED_VARIABLE = YES;
				IPHONEOS_DEPLOYMENT_TARGET = 7.1;
				ONLY_ACTIVE_ARCH = YES;
				SDKROOT = iphoneos;
			};
			name = Debug;
		};
		A99318DE1911652400A5BD7E /* Release */ = {
			isa = XCBuildConfiguration;
			buildSettings = {
				ALWAYS_SEARCH_USER_PATHS = NO;
				CLANG_CXX_LANGUAGE_STANDARD = "gnu++0x";
				CLANG_CXX_LIBRARY = "libc++";
				CLANG_ENABLE_MODULES = YES;
				CLANG_ENABLE_OBJC_ARC = YES;
				CLANG_WARN_BOOL_CONVERSION = YES;
				CLANG_WARN_CONSTANT_CONVERSION = YES;
				CLANG_WARN_DIRECT_OBJC_ISA_USAGE = YES_ERROR;
				CLANG_WARN_EMPTY_BODY = YES;
				CLANG_WARN_ENUM_CONVERSION = YES;
				CLANG_WARN_INT_CONVERSION = YES;
				CLANG_WARN_OBJC_ROOT_CLASS = YES_ERROR;
				CLANG_WARN__DUPLICATE_METHOD_MATCH = YES;
				"CODE_SIGN_IDENTITY[sdk=iphoneos*]" = "iPhone Developer";
				COPY_PHASE_STRIP = YES;
				ENABLE_NS_ASSERTIONS = NO;
				GCC_C_LANGUAGE_STANDARD = gnu99;
				GCC_WARN_64_TO_32_BIT_CONVERSION = YES;
				GCC_WARN_ABOUT_RETURN_TYPE = YES_ERROR;
				GCC_WARN_UNDECLARED_SELECTOR = YES;
				GCC_WARN_UNINITIALIZED_AUTOS = YES_AGGRESSIVE;
				GCC_WARN_UNUSED_FUNCTION = YES;
				GCC_WARN_UNUSED_VARIABLE = YES;
				IPHONEOS_DEPLOYMENT_TARGET = 7.1;
				SDKROOT = iphoneos;
				VALIDATE_PRODUCT = YES;
			};
			name = Release;
		};
		A99318E01911652400A5BD7E /* Debug */ = {
			isa = XCBuildConfiguration;
			buildSettings = {
				ASSETCATALOG_COMPILER_APPICON_NAME = AppIcon;
				ASSETCATALOG_COMPILER_LAUNCHIMAGE_NAME = LaunchImage;
				GCC_PRECOMPILE_PREFIX_HEADER = YES;
				GCC_PREFIX_HEADER = "Git Test/Git Test-Prefix.pch";
				INFOPLIST_FILE = "Git Test/Git Test-Info.plist";
				PRODUCT_NAME = "$(TARGET_NAME)";
				WRAPPER_EXTENSION = app;
			};
			name = Debug;
		};
		A99318E11911652400A5BD7E /* Release */ = {
			isa = XCBuildConfiguration;
			buildSettings = {
				ASSETCATALOG_COMPILER_APPICON_NAME = AppIcon;
				ASSETCATALOG_COMPILER_LAUNCHIMAGE_NAME = LaunchImage;
				GCC_PRECOMPILE_PREFIX_HEADER = YES;
				GCC_PREFIX_HEADER = "Git Test/Git Test-Prefix.pch";
				INFOPLIST_FILE = "Git Test/Git Test-Info.plist";
				PRODUCT_NAME = "$(TARGET_NAME)";
				WRAPPER_EXTENSION = app;
			};
			name = Release;
		};
		A99318E31911652400A5BD7E /* Debug */ = {
			isa = XCBuildConfiguration;
			buildSettings = {
				BUNDLE_LOADER = "$(BUILT_PRODUCTS_DIR)/Git Test.app/Git Test";
				FRAMEWORK_SEARCH_PATHS = (
					"$(SDKROOT)/Developer/Library/Frameworks",
					"$(inherited)",
					"$(DEVELOPER_FRAMEWORKS_DIR)",
				);
				GCC_PRECOMPILE_PREFIX_HEADER = YES;
				GCC_PREFIX_HEADER = "Git Test/Git Test-Prefix.pch";
				GCC_PREPROCESSOR_DEFINITIONS = (
					"DEBUG=1",
					"$(inherited)",
				);
				INFOPLIST_FILE = "Git TestTests/Git TestTests-Info.plist";
				PRODUCT_NAME = "$(TARGET_NAME)";
				TEST_HOST = "$(BUNDLE_LOADER)";
				WRAPPER_EXTENSION = xctest;
			};
			name = Debug;
		};
		A99318E41911652400A5BD7E /* Release */ = {
			isa = XCBuildConfiguration;
			buildSettings = {
				BUNDLE_LOADER = "$(BUILT_PRODUCTS_DIR)/Git Test.app/Git Test";
				FRAMEWORK_SEARCH_PATHS = (
					"$(SDKROOT)/Developer/Library/Frameworks",
					"$(inherited)",
					"$(DEVELOPER_FRAMEWORKS_DIR)",
				);
				GCC_PRECOMPILE_PREFIX_HEADER = YES;
				GCC_PREFIX_HEADER = "Git Test/Git Test-Prefix.pch";
				INFOPLIST_FILE = "Git TestTests/Git TestTests-Info.plist";
				PRODUCT_NAME = "$(TARGET_NAME)";
				TEST_HOST = "$(BUNDLE_LOADER)";
				WRAPPER_EXTENSION = xctest;
			};
			name = Release;
		};
/* End XCBuildConfiguration section */

/* Begin XCConfigurationList section */
		A99318A81911652300A5BD7E /* Build configuration list for PBXProject "Git Test" */ = {
			isa = XCConfigurationList;
			buildConfigurations = (
				A99318DD1911652400A5BD7E /* Debug */,
				A99318DE1911652400A5BD7E /* Release */,
			);
			defaultConfigurationIsVisible = 0;
			defaultConfigurationName = Release;
		};
		A99318DF1911652400A5BD7E /* Build configuration list for PBXNativeTarget "Git Test" */ = {
			isa = XCConfigurationList;
			buildConfigurations = (
				A99318E01911652400A5BD7E /* Debug */,
				A99318E11911652400A5BD7E /* Release */,
			);
			defaultConfigurationIsVisible = 0;
		};
		A99318E21911652400A5BD7E /* Build configuration list for PBXNativeTarget "Git TestTests" */ = {
			isa = XCConfigurationList;
			buildConfigurations = (
				A99318E31911652400A5BD7E /* Debug */,
				A99318E41911652400A5BD7E /* Release */,
			);
			defaultConfigurationIsVisible = 0;
		};
/* End XCConfigurationList section */
	};
	rootObject = A99318A51911652300A5BD7E /* Project object */;
}
